
Microsoft Visual Studio Solution File, Format Version 12.00
# Visual Studio Version 16
VisualStudioVersion = 16.0.31424.327
MinimumVisualStudioVersion = 10.0.40219.1
Project("{2150E333-8FDC-42A3-9474-1A3956D46DE8}") = "Services", "Services", "{5EC50CF7-F53B-4AB2-93B8-669CBBDB52EA}"
EndProject
Project("{2150E333-8FDC-42A3-9474-1A3956D46DE8}") = "Catalog", "Catalog", "{E9FC518A-249F-4B15-AA3D-FDC75446012C}"
EndProject
Project("{9A19103F-16F7-4668-BE54-9A1E7A4F7556}") = "Course.Services.Catalog", "Services\Catalog\Course.Services.Catalog\Course.Services.Catalog.csproj", "{4A61F703-CC9D-4FDE-811D-7E51D60A0F43}"
EndProject
Project("{2150E333-8FDC-42A3-9474-1A3956D46DE8}") = "Shared", "Shared", "{9B4F74D8-F131-42A3-A7F1-43D67E1F9AA4}"
EndProject
Project("{9A19103F-16F7-4668-BE54-9A1E7A4F7556}") = "Ultimate.SharedCommon", "Shared\Ultimate.SharedCommon\Ultimate.SharedCommon.csproj", "{CF0765D5-95C6-4205-A3FF-83DF96FEA7F7}"
EndProject
Project("{2150E333-8FDC-42A3-9474-1A3956D46DE8}") = "IdentityServer", "IdentityServer", "{FC4A2832-C7F3-4185-839D-7EAA7B5A0DF4}"
EndProject
Project("{9A19103F-16F7-4668-BE54-9A1E7A4F7556}") = "Ultimate.IdentityServer", "IdentityServer\Ultimate.IdentityServer\Ultimate.IdentityServer.csproj", "{4E743690-3E33-49A1-BC4C-59C18DD064CF}"
EndProject
Project("{2150E333-8FDC-42A3-9474-1A3956D46DE8}") = "PhotoStock", "PhotoStock", "{AC2978F6-C456-4B71-9407-3E82D2AB34CC}"
EndProject
Project("{9A19103F-16F7-4668-BE54-9A1E7A4F7556}") = "Ultimate.PhotoStock", "Services\PhotoStock\Ultimate.PhotoStock\Ultimate.PhotoStock.csproj", "{2B0AF54F-1FC3-4FFB-801A-F0EBD6698314}"
EndProject
Project("{2150E333-8FDC-42A3-9474-1A3956D46DE8}") = "Basket", "Basket", "{F85096DC-80AC-494D-AA20-44475E8132F8}"
EndProject
Project("{9A19103F-16F7-4668-BE54-9A1E7A4F7556}") = "Ultimate.Basket", "Services\Basket\Ultimate.Basket\Ultimate.Basket.csproj", "{4EE47A2C-2989-4E37-816F-EBF80F8B5D5F}"
EndProject
Project("{2150E333-8FDC-42A3-9474-1A3956D46DE8}") = "Discount", "Discount", "{218913B2-1A13-4D63-86CB-A3EB06EE3BD2}"
EndProject
Project("{9A19103F-16F7-4668-BE54-9A1E7A4F7556}") = "Ultimate.Discount", "Services\Discount\Ultimate.Discount\Ultimate.Discount.csproj", "{2FFC0187-32A8-492D-BDE9-CB2E4A28466F}"
EndProject
Project("{2150E333-8FDC-42A3-9474-1A3956D46DE8}") = "Order", "Order", "{69C0A49B-56CF-4A6A-BE98-76514B61010E}"
EndProject
Project("{9A19103F-16F7-4668-BE54-9A1E7A4F7556}") = "Ultimate.Order.API", "Services\Order\Ultimate.Order.API\Ultimate.Order.API.csproj", "{7F558EEF-5663-4BE4-B998-B9019B10AE4E}"
EndProject
Project("{9A19103F-16F7-4668-BE54-9A1E7A4F7556}") = "Ultimate.Services.Order.Application", "Services\Order\Ultimate.Services.Order.Application\Ultimate.Services.Order.Application.csproj", "{DA4F4440-7967-4151-B856-697D78A1ECA7}"
EndProject
Project("{9A19103F-16F7-4668-BE54-9A1E7A4F7556}") = "Ultimate.Services.Order.Domain", "Services\Order\Ultimate.Services.Order.Domain\Ultimate.Services.Order.Domain.csproj", "{4C071AAC-98D1-4A93-ABEF-F39122A14580}"
EndProject
Project("{9A19103F-16F7-4668-BE54-9A1E7A4F7556}") = "Ultimate.Services.Order.Domain.Core", "Services\Order\Ultimate.Services.Order.Domain.Core\Ultimate.Services.Order.Domain.Core.csproj", "{0EF36189-DF66-49CB-8E80-4F1CB60B5227}"
EndProject
Project("{9A19103F-16F7-4668-BE54-9A1E7A4F7556}") = "Ultimate.Services.Order.Infrastructure", "Services\Order\Ultimate.Services.Order.Infrastructure\Ultimate.Services.Order.Infrastructure.csproj", "{C32849A4-83D0-436E-BFB4-8D3C640A265F}"
EndProject
Project("{2150E333-8FDC-42A3-9474-1A3956D46DE8}") = "FakePayment", "FakePayment", "{9C873213-B892-43DF-AD4A-2DDD588B63F2}"
EndProject
Project("{9A19103F-16F7-4668-BE54-9A1E7A4F7556}") = "Ultimate.FakePayment", "Services\FakePayment\Ultimate.FakePayment\Ultimate.FakePayment.csproj", "{8E1C06DD-507A-45C8-938A-845505A0DEE9}"
EndProject
Project("{2150E333-8FDC-42A3-9474-1A3956D46DE8}") = "Clients", "Clients", "{0ACAF65E-E12B-46BF-9AAF-D31561BEC294}"
EndProject
Project("{9A19103F-16F7-4668-BE54-9A1E7A4F7556}") = "Ultimate.WebCore", "Clients\Ultimate.WebCore\Ultimate.WebCore.csproj", "{A50A1945-246F-4322-B74C-62729384AB0F}"
EndProject
Project("{2150E333-8FDC-42A3-9474-1A3956D46DE8}") = "Gateways", "Gateways", "{554923A8-5437-4B16-AC91-E1FB08035336}"
EndProject
Project("{9A19103F-16F7-4668-BE54-9A1E7A4F7556}") = "Ultimate.Gateway", "Gateways\Ultimate.Gateway\Ultimate.Gateway.csproj", "{DFC6C2FE-6671-4D80-9E5C-915EFDD779E4}"
EndProject
Global
	GlobalSection(SolutionConfigurationPlatforms) = preSolution
		Debug|Any CPU = Debug|Any CPU
		Release|Any CPU = Release|Any CPU
	EndGlobalSection
	GlobalSection(ProjectConfigurationPlatforms) = postSolution
		{4A61F703-CC9D-4FDE-811D-7E51D60A0F43}.Debug|Any CPU.ActiveCfg = Debug|Any CPU
		{4A61F703-CC9D-4FDE-811D-7E51D60A0F43}.Debug|Any CPU.Build.0 = Debug|Any CPU
		{4A61F703-CC9D-4FDE-811D-7E51D60A0F43}.Release|Any CPU.ActiveCfg = Release|Any CPU
		{4A61F703-CC9D-4FDE-811D-7E51D60A0F43}.Release|Any CPU.Build.0 = Release|Any CPU
		{CF0765D5-95C6-4205-A3FF-83DF96FEA7F7}.Debug|Any CPU.ActiveCfg = Debug|Any CPU
		{CF0765D5-95C6-4205-A3FF-83DF96FEA7F7}.Debug|Any CPU.Build.0 = Debug|Any CPU
		{CF0765D5-95C6-4205-A3FF-83DF96FEA7F7}.Release|Any CPU.ActiveCfg = Release|Any CPU
		{CF0765D5-95C6-4205-A3FF-83DF96FEA7F7}.Release|Any CPU.Build.0 = Release|Any CPU
		{4E743690-3E33-49A1-BC4C-59C18DD064CF}.Debug|Any CPU.ActiveCfg = Debug|Any CPU
		{4E743690-3E33-49A1-BC4C-59C18DD064CF}.Debug|Any CPU.Build.0 = Debug|Any CPU
		{4E743690-3E33-49A1-BC4C-59C18DD064CF}.Release|Any CPU.ActiveCfg = Release|Any CPU
		{4E743690-3E33-49A1-BC4C-59C18DD064CF}.Release|Any CPU.Build.0 = Release|Any CPU
		{2B0AF54F-1FC3-4FFB-801A-F0EBD6698314}.Debug|Any CPU.ActiveCfg = Debug|Any CPU
		{2B0AF54F-1FC3-4FFB-801A-F0EBD6698314}.Debug|Any CPU.Build.0 = Debug|Any CPU
		{2B0AF54F-1FC3-4FFB-801A-F0EBD6698314}.Release|Any CPU.ActiveCfg = Release|Any CPU
		{2B0AF54F-1FC3-4FFB-801A-F0EBD6698314}.Release|Any CPU.Build.0 = Release|Any CPU
		{4EE47A2C-2989-4E37-816F-EBF80F8B5D5F}.Debug|Any CPU.ActiveCfg = Debug|Any CPU
		{4EE47A2C-2989-4E37-816F-EBF80F8B5D5F}.Debug|Any CPU.Build.0 = Debug|Any CPU
		{4EE47A2C-2989-4E37-816F-EBF80F8B5D5F}.Release|Any CPU.ActiveCfg = Release|Any CPU
		{4EE47A2C-2989-4E37-816F-EBF80F8B5D5F}.Release|Any CPU.Build.0 = Release|Any CPU
		{2FFC0187-32A8-492D-BDE9-CB2E4A28466F}.Debug|Any CPU.ActiveCfg = Debug|Any CPU
		{2FFC0187-32A8-492D-BDE9-CB2E4A28466F}.Debug|Any CPU.Build.0 = Debug|Any CPU
		{2FFC0187-32A8-492D-BDE9-CB2E4A28466F}.Release|Any CPU.ActiveCfg = Release|Any CPU
		{2FFC0187-32A8-492D-BDE9-CB2E4A28466F}.Release|Any CPU.Build.0 = Release|Any CPU
		{7F558EEF-5663-4BE4-B998-B9019B10AE4E}.Debug|Any CPU.ActiveCfg = Debug|Any CPU
		{7F558EEF-5663-4BE4-B998-B9019B10AE4E}.Debug|Any CPU.Build.0 = Debug|Any CPU
		{7F558EEF-5663-4BE4-B998-B9019B10AE4E}.Release|Any CPU.ActiveCfg = Release|Any CPU
		{7F558EEF-5663-4BE4-B998-B9019B10AE4E}.Release|Any CPU.Build.0 = Release|Any CPU
		{DA4F4440-7967-4151-B856-697D78A1ECA7}.Debug|Any CPU.ActiveCfg = Debug|Any CPU
		{DA4F4440-7967-4151-B856-697D78A1ECA7}.Debug|Any CPU.Build.0 = Debug|Any CPU
		{DA4F4440-7967-4151-B856-697D78A1ECA7}.Release|Any CPU.ActiveCfg = Release|Any CPU
		{DA4F4440-7967-4151-B856-697D78A1ECA7}.Release|Any CPU.Build.0 = Release|Any CPU
		{4C071AAC-98D1-4A93-ABEF-F39122A14580}.Debug|Any CPU.ActiveCfg = Debug|Any CPU
		{4C071AAC-98D1-4A93-ABEF-F39122A14580}.Debug|Any CPU.Build.0 = Debug|Any CPU
		{4C071AAC-98D1-4A93-ABEF-F39122A14580}.Release|Any CPU.ActiveCfg = Release|Any CPU
		{4C071AAC-98D1-4A93-ABEF-F39122A14580}.Release|Any CPU.Build.0 = Release|Any CPU
		{0EF36189-DF66-49CB-8E80-4F1CB60B5227}.Debug|Any CPU.ActiveCfg = Debug|Any CPU
		{0EF36189-DF66-49CB-8E80-4F1CB60B5227}.Debug|Any CPU.Build.0 = Debug|Any CPU
		{0EF36189-DF66-49CB-8E80-4F1CB60B5227}.Release|Any CPU.ActiveCfg = Release|Any CPU
		{0EF36189-DF66-49CB-8E80-4F1CB60B5227}.Release|Any CPU.Build.0 = Release|Any CPU
		{C32849A4-83D0-436E-BFB4-8D3C640A265F}.Debug|Any CPU.ActiveCfg = Debug|Any CPU
		{C32849A4-83D0-436E-BFB4-8D3C640A265F}.Debug|Any CPU.Build.0 = Debug|Any CPU
		{C32849A4-83D0-436E-BFB4-8D3C640A265F}.Release|Any CPU.ActiveCfg = Release|Any CPU
		{C32849A4-83D0-436E-BFB4-8D3C640A265F}.Release|Any CPU.Build.0 = Release|Any CPU
		{8E1C06DD-507A-45C8-938A-845505A0DEE9}.Debug|Any CPU.ActiveCfg = Debug|Any CPU
		{8E1C06DD-507A-45C8-938A-845505A0DEE9}.Debug|Any CPU.Build.0 = Debug|Any CPU
		{8E1C06DD-507A-45C8-938A-845505A0DEE9}.Release|Any CPU.ActiveCfg = Release|Any CPU
		{8E1C06DD-507A-45C8-938A-845505A0DEE9}.Release|Any CPU.Build.0 = Release|Any CPU
		{A50A1945-246F-4322-B74C-62729384AB0F}.Debug|Any CPU.ActiveCfg = Debug|Any CPU
		{A50A1945-246F-4322-B74C-62729384AB0F}.Debug|Any CPU.Build.0 = Debug|Any CPU
		{A50A1945-246F-4322-B74C-62729384AB0F}.Release|Any CPU.ActiveCfg = Release|Any CPU
		{A50A1945-246F-4322-B74C-62729384AB0F}.Release|Any CPU.Build.0 = Release|Any CPU
		{DFC6C2FE-6671-4D80-9E5C-915EFDD779E4}.Debug|Any CPU.ActiveCfg = Debug|Any CPU
		{DFC6C2FE-6671-4D80-9E5C-915EFDD779E4}.Debug|Any CPU.Build.0 = Debug|Any CPU
		{DFC6C2FE-6671-4D80-9E5C-915EFDD779E4}.Release|Any CPU.ActiveCfg = Release|Any CPU
		{DFC6C2FE-6671-4D80-9E5C-915EFDD779E4}.Release|Any CPU.Build.0 = Release|Any CPU
	EndGlobalSection
	GlobalSection(SolutionProperties) = preSolution
		HideSolutionNode = FALSE
	EndGlobalSection
	GlobalSection(NestedProjects) = preSolution
		{E9FC518A-249F-4B15-AA3D-FDC75446012C} = {5EC50CF7-F53B-4AB2-93B8-669CBBDB52EA}
		{4A61F703-CC9D-4FDE-811D-7E51D60A0F43} = {E9FC518A-249F-4B15-AA3D-FDC75446012C}
		{CF0765D5-95C6-4205-A3FF-83DF96FEA7F7} = {9B4F74D8-F131-42A3-A7F1-43D67E1F9AA4}
		{4E743690-3E33-49A1-BC4C-59C18DD064CF} = {FC4A2832-C7F3-4185-839D-7EAA7B5A0DF4}
		{AC2978F6-C456-4B71-9407-3E82D2AB34CC} = {5EC50CF7-F53B-4AB2-93B8-669CBBDB52EA}
		{2B0AF54F-1FC3-4FFB-801A-F0EBD6698314} = {AC2978F6-C456-4B71-9407-3E82D2AB34CC}
		{F85096DC-80AC-494D-AA20-44475E8132F8} = {5EC50CF7-F53B-4AB2-93B8-669CBBDB52EA}
		{4EE47A2C-2989-4E37-816F-EBF80F8B5D5F} = {F85096DC-80AC-494D-AA20-44475E8132F8}
		{218913B2-1A13-4D63-86CB-A3EB06EE3BD2} = {5EC50CF7-F53B-4AB2-93B8-669CBBDB52EA}
		{2FFC0187-32A8-492D-BDE9-CB2E4A28466F} = {218913B2-1A13-4D63-86CB-A3EB06EE3BD2}
		{69C0A49B-56CF-4A6A-BE98-76514B61010E} = {5EC50CF7-F53B-4AB2-93B8-669CBBDB52EA}
		{7F558EEF-5663-4BE4-B998-B9019B10AE4E} = {69C0A49B-56CF-4A6A-BE98-76514B61010E}
		{DA4F4440-7967-4151-B856-697D78A1ECA7} = {69C0A49B-56CF-4A6A-BE98-76514B61010E}
		{4C071AAC-98D1-4A93-ABEF-F39122A14580} = {69C0A49B-56CF-4A6A-BE98-76514B61010E}
		{0EF36189-DF66-49CB-8E80-4F1CB60B5227} = {69C0A49B-56CF-4A6A-BE98-76514B61010E}
		{C32849A4-83D0-436E-BFB4-8D3C640A265F} = {69C0A49B-56CF-4A6A-BE98-76514B61010E}
		{9C873213-B892-43DF-AD4A-2DDD588B63F2} = {5EC50CF7-F53B-4AB2-93B8-669CBBDB52EA}
		{8E1C06DD-507A-45C8-938A-845505A0DEE9} = {9C873213-B892-43DF-AD4A-2DDD588B63F2}
		{A50A1945-246F-4322-B74C-62729384AB0F} = {0ACAF65E-E12B-46BF-9AAF-D31561BEC294}
		{DFC6C2FE-6671-4D80-9E5C-915EFDD779E4} = {554923A8-5437-4B16-AC91-E1FB08035336}
	EndGlobalSection
	GlobalSection(ExtensibilityGlobals) = postSolution
		SolutionGuid = {71B4C23C-36B0-447C-8FC2-9051C8AE78BC}
	EndGlobalSection
EndGlobal
